
Microsoft Visual Studio Solution File, Format Version 12.00
Project("{2150E333-8FDC-42A3-9474-1A3956D46DE8}") = ". root", ". root", "{6126D2C4-AD6A-4628-9273-AFC17CFAFA31}"
	ProjectSection(SolutionItems) = preProject
		.editorconfig = .editorconfig
		.gitattributes = .gitattributes
		.gitignore = .gitignore
		CHANGELOG.md = CHANGELOG.md
		CODE_OF_CONDUCT.md = CODE_OF_CONDUCT.md
		CONTRIBUTING.md = CONTRIBUTING.md
		Directory.Build.props = Directory.Build.props
		Directory.Packages.props = Directory.Packages.props
		GOVERNANCE.md = GOVERNANCE.md
		LICENSE = LICENSE
		README.md = README.md
		SECURITY.md = SECURITY.md
	EndProjectSection
EndProject
Project("{2150E333-8FDC-42A3-9474-1A3956D46DE8}") = ".github", ".github", "{1B86380D-66BD-4FD7-85ED-484DE3340089}"
	ProjectSection(SolutionItems) = preProject
		.github\CODEOWNERS = .github\CODEOWNERS
		.github\dependabot.yml = .github\dependabot.yml
	EndProjectSection
EndProject
Project("{2150E333-8FDC-42A3-9474-1A3956D46DE8}") = "workflows", "workflows", "{1AF8D2FF-6534-46BF-BB7C-C21C36D3B1BC}"
	ProjectSection(SolutionItems) = preProject
		.github\workflows\tests.yml = .github\workflows\tests.yml
	EndProjectSection
EndProject
Project("{2150E333-8FDC-42A3-9474-1A3956D46DE8}") = "docs", "docs", "{38DECD57-882D-484C-A729-22BD05B403BD}"
EndProject
Project("{2150E333-8FDC-42A3-9474-1A3956D46DE8}") = "standards", "standards", "{51BF1563-9AE2-430B-ADDC-3C6B97FFD3FC}"
	ProjectSection(SolutionItems) = preProject
		docs\standards\Accessibility.md = docs\standards\Accessibility.md
		docs\standards\CSharp.md = docs\standards\CSharp.md
		docs\standards\CSS.md = docs\standards\CSS.md
		docs\standards\JavaScript.md = docs\standards\JavaScript.md
		docs\standards\Localization.md = docs\standards\Localization.md
		docs\standards\Razor.md = docs\standards\Razor.md
		docs\standards\Testing.md = docs\standards\Testing.md
		docs\standards\Theming.md = docs\standards\Theming.md
	EndProjectSection
EndProject
Project("{2150E333-8FDC-42A3-9474-1A3956D46DE8}") = "src", "src", "{A098DD75-A348-4042-BB1A-360FF4547FAD}"
EndProject
Project("{FAE04EC0-301F-11D3-BF4B-00C04F79EFBC}") = "Allyaria.Core", "src\Allyaria.Core\Allyaria.Core.csproj", "{1AFD8FBD-1308-4D1E-8D8E-892AD42812CE}"
EndProject
Project("{FAE04EC0-301F-11D3-BF4B-00C04F79EFBC}") = "Allyaria.Primitives", "src\Allyaria.Primitives\Allyaria.Primitives.csproj", "{36659A49-FA94-4456-B187-1441DA79A245}"
EndProject
Project("{FAE04EC0-301F-11D3-BF4B-00C04F79EFBC}") = "Allyaria.Theming", "src\Allyaria.Theming\Allyaria.Theming.csproj", "{AF51AB5D-4C0C-4069-A1DA-3926999E7641}"
EndProject
Project("{2150E333-8FDC-42A3-9474-1A3956D46DE8}") = "tests", "tests", "{D4D16FEF-3BCF-479B-8E33-0E07E40FBFC6}"
	ProjectSection(SolutionItems) = preProject
		tests\.editorconfig = tests\.editorconfig
	EndProjectSection
EndProject
Project("{FAE04EC0-301F-11D3-BF4B-00C04F79EFBC}") = "Allyaria.Core.UnitTests", "tests\Allyaria.Core.UnitTests\Allyaria.Core.UnitTests.csproj", "{A3F9A7A5-C715-438C-9C9D-B94594FC46AF}"
EndProject
Project("{FAE04EC0-301F-11D3-BF4B-00C04F79EFBC}") = "Allyaria.Primitives.UnitTests", "tests\Allyaria.Primitives.UnitTests\Allyaria.Primitives.UnitTests.csproj", "{9BF51EFB-D9D6-4987-8F32-03B2881273A1}"
EndProject
Project("{FAE04EC0-301F-11D3-BF4B-00C04F79EFBC}") = "Allyaria.Theming.UnitTests", "tests\Allyaria.Theming.UnitTests\Allyaria.Theming.UnitTests.csproj", "{F1658959-606D-4B4A-A768-89741991B4B9}"
EndProject
Project("{2150E333-8FDC-42A3-9474-1A3956D46DE8}") = "references", "references", "{87ECEB69-9E94-4136-B906-1322CA050981}"
	ProjectSection(SolutionItems) = preProject
		docs\references\Allyaria.Theming.Constants.Colors.md = docs\references\Allyaria.Theming.Constants.Colors.md
		docs\references\Allyaria.Theming.Styles.AllyariaPalette.md = docs\references\Allyaria.Theming.Styles.AllyariaPalette.md
		docs\references\Allyaria.Theming.Styles.AllyariaTypography.md = docs\references\Allyaria.Theming.Styles.AllyariaTypography.md
		docs\references\Allyaria.Theming.Values.AllyariaColorValue.md = docs\references\Allyaria.Theming.Values.AllyariaColorValue.md
		docs\references\Allyaria.Theming.Values.AllyariaStringValue.md = docs\references\Allyaria.Theming.Values.AllyariaStringValue.md
		docs\references\Allyaria.Theming.Styles.AllyariaStyle.md = docs\references\Allyaria.Theming.Styles.AllyariaStyle.md
		docs\references\Allyaria.Theming.Constants.Styles.md = docs\references\Allyaria.Theming.Constants.Styles.md
	EndProjectSection
EndProject
Global
	GlobalSection(SolutionConfigurationPlatforms) = preSolution
		Debug|Any CPU = Debug|Any CPU
		Release|Any CPU = Release|Any CPU
	EndGlobalSection
	GlobalSection(NestedProjects) = preSolution
		{1AF8D2FF-6534-46BF-BB7C-C21C36D3B1BC} = {1B86380D-66BD-4FD7-85ED-484DE3340089}
		{51BF1563-9AE2-430B-ADDC-3C6B97FFD3FC} = {38DECD57-882D-484C-A729-22BD05B403BD}
		{1AFD8FBD-1308-4D1E-8D8E-892AD42812CE} = {A098DD75-A348-4042-BB1A-360FF4547FAD}
		{36659A49-FA94-4456-B187-1441DA79A245} = {A098DD75-A348-4042-BB1A-360FF4547FAD}
		{AF51AB5D-4C0C-4069-A1DA-3926999E7641} = {A098DD75-A348-4042-BB1A-360FF4547FAD}
		{A3F9A7A5-C715-438C-9C9D-B94594FC46AF} = {D4D16FEF-3BCF-479B-8E33-0E07E40FBFC6}
		{9BF51EFB-D9D6-4987-8F32-03B2881273A1} = {D4D16FEF-3BCF-479B-8E33-0E07E40FBFC6}
		{F1658959-606D-4B4A-A768-89741991B4B9} = {D4D16FEF-3BCF-479B-8E33-0E07E40FBFC6}
		{87ECEB69-9E94-4136-B906-1322CA050981} = {38DECD57-882D-484C-A729-22BD05B403BD}
	EndGlobalSection
	GlobalSection(ProjectConfigurationPlatforms) = postSolution
		{1AFD8FBD-1308-4D1E-8D8E-892AD42812CE}.Debug|Any CPU.ActiveCfg = Debug|Any CPU
		{1AFD8FBD-1308-4D1E-8D8E-892AD42812CE}.Debug|Any CPU.Build.0 = Debug|Any CPU
		{1AFD8FBD-1308-4D1E-8D8E-892AD42812CE}.Release|Any CPU.ActiveCfg = Release|Any CPU
		{1AFD8FBD-1308-4D1E-8D8E-892AD42812CE}.Release|Any CPU.Build.0 = Release|Any CPU
		{36659A49-FA94-4456-B187-1441DA79A245}.Debug|Any CPU.ActiveCfg = Debug|Any CPU
		{36659A49-FA94-4456-B187-1441DA79A245}.Debug|Any CPU.Build.0 = Debug|Any CPU
		{36659A49-FA94-4456-B187-1441DA79A245}.Release|Any CPU.ActiveCfg = Release|Any CPU
		{36659A49-FA94-4456-B187-1441DA79A245}.Release|Any CPU.Build.0 = Release|Any CPU
		{AF51AB5D-4C0C-4069-A1DA-3926999E7641}.Debug|Any CPU.ActiveCfg = Debug|Any CPU
		{AF51AB5D-4C0C-4069-A1DA-3926999E7641}.Debug|Any CPU.Build.0 = Debug|Any CPU
		{AF51AB5D-4C0C-4069-A1DA-3926999E7641}.Release|Any CPU.ActiveCfg = Release|Any CPU
		{AF51AB5D-4C0C-4069-A1DA-3926999E7641}.Release|Any CPU.Build.0 = Release|Any CPU
		{A3F9A7A5-C715-438C-9C9D-B94594FC46AF}.Debug|Any CPU.ActiveCfg = Debug|Any CPU
		{A3F9A7A5-C715-438C-9C9D-B94594FC46AF}.Debug|Any CPU.Build.0 = Debug|Any CPU
		{A3F9A7A5-C715-438C-9C9D-B94594FC46AF}.Release|Any CPU.ActiveCfg = Release|Any CPU
		{A3F9A7A5-C715-438C-9C9D-B94594FC46AF}.Release|Any CPU.Build.0 = Release|Any CPU
		{9BF51EFB-D9D6-4987-8F32-03B2881273A1}.Debug|Any CPU.ActiveCfg = Debug|Any CPU
		{9BF51EFB-D9D6-4987-8F32-03B2881273A1}.Debug|Any CPU.Build.0 = Debug|Any CPU
		{9BF51EFB-D9D6-4987-8F32-03B2881273A1}.Release|Any CPU.ActiveCfg = Release|Any CPU
		{9BF51EFB-D9D6-4987-8F32-03B2881273A1}.Release|Any CPU.Build.0 = Release|Any CPU
		{F1658959-606D-4B4A-A768-89741991B4B9}.Debug|Any CPU.ActiveCfg = Debug|Any CPU
		{F1658959-606D-4B4A-A768-89741991B4B9}.Debug|Any CPU.Build.0 = Debug|Any CPU
		{F1658959-606D-4B4A-A768-89741991B4B9}.Release|Any CPU.ActiveCfg = Release|Any CPU
		{F1658959-606D-4B4A-A768-89741991B4B9}.Release|Any CPU.Build.0 = Release|Any CPU
	EndGlobalSection
EndGlobal
